
Microsoft Visual Studio Solution File, Format Version 12.00
# Visual Studio Version 17
VisualStudioVersion = 17.4.33103.184
MinimumVisualStudioVersion = 10.0.40219.1
Project("{9A19103F-16F7-4668-BE54-9A1E7A4F7556}") = "Compatibility.CompilerFeatures", "Compatibility.CompilerFeatures\Compatibility.CompilerFeatures.csproj", "{F1134588-02C6-4590-B7B8-47DEA1D933A6}"
EndProject
Project("{9A19103F-16F7-4668-BE54-9A1E7A4F7556}") = "Compatibility.CompilerFeatures.Demo", "Compatibility.CompilerFeatures.Demo\Compatibility.CompilerFeatures.Demo.csproj", "{E1FCBB1D-28E4-433A-8A1B-ACF67EFF47FC}"
EndProject
Project("{FAE04EC0-301F-11D3-BF4B-00C04F79EFBC}") = "Compatibility.CompilerFeatures.Test", "..\test\Compatibility.CompilerFeatures.Test\Compatibility.CompilerFeatures.Test.csproj", "{1BB01108-7C82-4E4D-836A-5785C66EF64A}"
EndProject
Global
	GlobalSection(SolutionConfigurationPlatforms) = preSolution
		Debug|Any CPU = Debug|Any CPU
		Release|Any CPU = Release|Any CPU
	EndGlobalSection
	GlobalSection(ProjectConfigurationPlatforms) = postSolution
		{F1134588-02C6-4590-B7B8-47DEA1D933A6}.Debug|Any CPU.ActiveCfg = Debug|Any CPU
		{F1134588-02C6-4590-B7B8-47DEA1D933A6}.Debug|Any CPU.Build.0 = Debug|Any CPU
		{F1134588-02C6-4590-B7B8-47DEA1D933A6}.Release|Any CPU.ActiveCfg = Release|Any CPU
		{F1134588-02C6-4590-B7B8-47DEA1D933A6}.Release|Any CPU.Build.0 = Release|Any CPU
		{E1FCBB1D-28E4-433A-8A1B-ACF67EFF47FC}.Debug|Any CPU.ActiveCfg = Debug|Any CPU
		{E1FCBB1D-28E4-433A-8A1B-ACF67EFF47FC}.Debug|Any CPU.Build.0 = Debug|Any CPU
		{E1FCBB1D-28E4-433A-8A1B-ACF67EFF47FC}.Release|Any CPU.ActiveCfg = Release|Any CPU
		{E1FCBB1D-28E4-433A-8A1B-ACF67EFF47FC}.Release|Any CPU.Build.0 = Release|Any CPU
		{1BB01108-7C82-4E4D-836A-5785C66EF64A}.Debug|Any CPU.ActiveCfg = Debug|Any CPU
		{1BB01108-7C82-4E4D-836A-5785C66EF64A}.Debug|Any CPU.Build.0 = Debug|Any CPU
		{1BB01108-7C82-4E4D-836A-5785C66EF64A}.Release|Any CPU.ActiveCfg = Release|Any CPU
		{1BB01108-7C82-4E4D-836A-5785C66EF64A}.Release|Any CPU.Build.0 = Release|Any CPU
	EndGlobalSection
	GlobalSection(SolutionProperties) = preSolution
		HideSolutionNode = FALSE
	EndGlobalSection
	GlobalSection(ExtensibilityGlobals) = postSolution
		SolutionGuid = {C9DC905D-07DE-4FA5-B686-26842E220B56}
	EndGlobalSection
EndGlobal
